Microsoft Visual Studio Solution File, Format Version 8.00
Project("{8BC9CEB8-8B4A-11D0-8D11-00A0C91BC942}") = "FFSDKTutorial", "FFSDKTutorial.vcproj", "{6CB286FB-F84C-45AF-8FD7-5BDAE3EAEC95}"
	ProjectSection(ProjectDependencies) = postProject
	EndProjectSection
EndProject
Global
	GlobalSection(SolutionConfiguration) = preSolution
		Debug = Debug
		Release = Release
	EndGlobalSection
	GlobalSection(ProjectConfiguration) = postSolution
		{6CB286FB-F84C-45AF-8FD7-5BDAE3EAEC95}.Debug.ActiveCfg = Debug|Win32
		{6CB286FB-F84C-45AF-8FD7-5BDAE3EAEC95}.Debug.Build.0 = Debug|Win32
		{6CB286FB-F84C-45AF-8FD7-5BDAE3EAEC95}.Release.ActiveCfg = Release|Win32
		{6CB286FB-F84C-45AF-8FD7-5BDAE3EAEC95}.Release.Build.0 = Release|Win32
	EndGlobalSection
	GlobalSection(ExtensibilityGlobals) = postSolution
	EndGlobalSection
	GlobalSection(ExtensibilityAddIns) = postSolution
	EndGlobalSection
EndGlobal
